Microsoft Visual Studio Solution File, Format Version 11.00
# Visual Studio 2010
Project("{FAE04EC0-301F-11D3-BF4B-00C04F79EFBC}") = "Arduino.PubSubService", "Arduino.PubSubService\Arduino.PubSubService.csproj", "{ED2573AF-F8CA-448C-B0AF-6A6C1D6F6184}"
EndProject
Project("{FAE04EC0-301F-11D3-BF4B-00C04F79EFBC}") = "Arduino.PubSubBroker.Console", "Arduino.PubSubBroker.Console\Arduino.PubSubBroker.Console.csproj", "{76464AC0-7162-4E94-A194-D3688AC3CDFA}"
EndProject
Project("{FAE04EC0-301F-11D3-BF4B-00C04F79EFBC}") = "Arduino.PubSubBroker.WinService", "Arduino.PubSubBroker.WinService\Arduino.PubSubBroker.WinService.csproj", "{8F46B1CB-D49E-4510-BAD8-BBEC7E1A49B9}"
EndProject
Project("{FAE04EC0-301F-11D3-BF4B-00C04F79EFBC}") = "Arduino.Contract", "Arduino.Contract\Arduino.Contract.csproj", "{33A1EBB2-23FC-4B61-8095-F94357B25C1B}"
EndProject
Project("{FAE04EC0-301F-11D3-BF4B-00C04F79EFBC}") = "Arduino.TestPublisher.Console", "Arduino.TestPublisher.Console\Arduino.TestPublisher.Console.csproj", "{60DC9F9D-5CCC-4D94-B7CE-07874E179910}"
EndProject
Project("{FAE04EC0-301F-11D3-BF4B-00C04F79EFBC}") = "Arduino.TestSubscriber.Console", "Arduino.TestSubscriber.Console\Arduino.TestSubscriber.Console.csproj", "{418D9E61-CEDA-4E73-9602-D363504EEDB1}"
EndProject
Project("{2150E333-8FDC-42A3-9474-1A3956D46DE8}") = "Solution Items", "Solution Items", "{93FDB25E-097B-4E55-B69C-A97AE4F933F8}"
	ProjectSection(SolutionItems) = preProject
		README = README
	EndProjectSection
EndProject
Project("{FAE04EC0-301F-11D3-BF4B-00C04F79EFBC}") = "Arduino.Processors", "Arduino.Processors\Arduino.Processors.csproj", "{4C3F907B-624D-4EFF-9050-172C66967645}"
EndProject
Project("{FAE04EC0-301F-11D3-BF4B-00C04F79EFBC}") = "Arduino.Contract.UnitTests", "Arduino.Contract.UnitTests\Arduino.Contract.UnitTests.csproj", "{A7E5D962-90B0-43AE-9FEF-0307A23E694A}"
EndProject
Global
	GlobalSection(SolutionConfigurationPlatforms) = preSolution
		Debug|Any CPU = Debug|Any CPU
		Debug|Mixed Platforms = Debug|Mixed Platforms
		Debug|x86 = Debug|x86
		Release|Any CPU = Release|Any CPU
		Release|Mixed Platforms = Release|Mixed Platforms
		Release|x86 = Release|x86
	EndGlobalSection
	GlobalSection(ProjectConfigurationPlatforms) = postSolution
		{ED2573AF-F8CA-448C-B0AF-6A6C1D6F6184}.Debug|Any CPU.ActiveCfg = Debug|Any CPU
		{ED2573AF-F8CA-448C-B0AF-6A6C1D6F6184}.Debug|Any CPU.Build.0 = Debug|Any CPU
		{ED2573AF-F8CA-448C-B0AF-6A6C1D6F6184}.Debug|Mixed Platforms.ActiveCfg = Debug|Any CPU
		{ED2573AF-F8CA-448C-B0AF-6A6C1D6F6184}.Debug|Mixed Platforms.Build.0 = Debug|Any CPU
		{ED2573AF-F8CA-448C-B0AF-6A6C1D6F6184}.Debug|x86.ActiveCfg = Debug|Any CPU
		{ED2573AF-F8CA-448C-B0AF-6A6C1D6F6184}.Release|Any CPU.ActiveCfg = Release|Any CPU
		{ED2573AF-F8CA-448C-B0AF-6A6C1D6F6184}.Release|Any CPU.Build.0 = Release|Any CPU
		{ED2573AF-F8CA-448C-B0AF-6A6C1D6F6184}.Release|Mixed Platforms.ActiveCfg = Release|Any CPU
		{ED2573AF-F8CA-448C-B0AF-6A6C1D6F6184}.Release|Mixed Platforms.Build.0 = Release|Any CPU
		{ED2573AF-F8CA-448C-B0AF-6A6C1D6F6184}.Release|x86.ActiveCfg = Release|Any CPU
		{76464AC0-7162-4E94-A194-D3688AC3CDFA}.Debug|Any CPU.ActiveCfg = Debug|x86
		{76464AC0-7162-4E94-A194-D3688AC3CDFA}.Debug|Mixed Platforms.ActiveCfg = Debug|x86
		{76464AC0-7162-4E94-A194-D3688AC3CDFA}.Debug|Mixed Platforms.Build.0 = Debug|x86
		{76464AC0-7162-4E94-A194-D3688AC3CDFA}.Debug|x86.ActiveCfg = Debug|x86
		{76464AC0-7162-4E94-A194-D3688AC3CDFA}.Debug|x86.Build.0 = Debug|x86
		{76464AC0-7162-4E94-A194-D3688AC3CDFA}.Release|Any CPU.ActiveCfg = Release|x86
		{76464AC0-7162-4E94-A194-D3688AC3CDFA}.Release|Mixed Platforms.ActiveCfg = Release|x86
		{76464AC0-7162-4E94-A194-D3688AC3CDFA}.Release|Mixed Platforms.Build.0 = Release|x86
		{76464AC0-7162-4E94-A194-D3688AC3CDFA}.Release|x86.ActiveCfg = Release|x86
		{76464AC0-7162-4E94-A194-D3688AC3CDFA}.Release|x86.Build.0 = Release|x86
		{8F46B1CB-D49E-4510-BAD8-BBEC7E1A49B9}.Debug|Any CPU.ActiveCfg = Debug|x86
		{8F46B1CB-D49E-4510-BAD8-BBEC7E1A49B9}.Debug|Mixed Platforms.ActiveCfg = Debug|x86
		{8F46B1CB-D49E-4510-BAD8-BBEC7E1A49B9}.Debug|Mixed Platforms.Build.0 = Debug|x86
		{8F46B1CB-D49E-4510-BAD8-BBEC7E1A49B9}.Debug|x86.ActiveCfg = Debug|x86
		{8F46B1CB-D49E-4510-BAD8-BBEC7E1A49B9}.Debug|x86.Build.0 = Debug|x86
		{8F46B1CB-D49E-4510-BAD8-BBEC7E1A49B9}.Release|Any CPU.ActiveCfg = Release|x86
		{8F46B1CB-D49E-4510-BAD8-BBEC7E1A49B9}.Release|Mixed Platforms.ActiveCfg = Release|x86
		{8F46B1CB-D49E-4510-BAD8-BBEC7E1A49B9}.Release|Mixed Platforms.Build.0 = Release|x86
		{8F46B1CB-D49E-4510-BAD8-BBEC7E1A49B9}.Release|x86.ActiveCfg = Release|x86
		{8F46B1CB-D49E-4510-BAD8-BBEC7E1A49B9}.Release|x86.Build.0 = Release|x86
		{33A1EBB2-23FC-4B61-8095-F94357B25C1B}.Debug|Any CPU.ActiveCfg = Debug|Any CPU
		{33A1EBB2-23FC-4B61-8095-F94357B25C1B}.Debug|Any CPU.Build.0 = Debug|Any CPU
		{33A1EBB2-23FC-4B61-8095-F94357B25C1B}.Debug|Mixed Platforms.ActiveCfg = Debug|Any CPU
		{33A1EBB2-23FC-4B61-8095-F94357B25C1B}.Debug|Mixed Platforms.Build.0 = Debug|Any CPU
		{33A1EBB2-23FC-4B61-8095-F94357B25C1B}.Debug|x86.ActiveCfg = Debug|Any CPU
		{33A1EBB2-23FC-4B61-8095-F94357B25C1B}.Release|Any CPU.ActiveCfg = Release|Any CPU
		{33A1EBB2-23FC-4B61-8095-F94357B25C1B}.Release|Any CPU.Build.0 = Release|Any CPU
		{33A1EBB2-23FC-4B61-8095-F94357B25C1B}.Release|Mixed Platforms.ActiveCfg = Release|Any CPU
		{33A1EBB2-23FC-4B61-8095-F94357B25C1B}.Release|Mixed Platforms.Build.0 = Release|Any CPU
		{33A1EBB2-23FC-4B61-8095-F94357B25C1B}.Release|x86.ActiveCfg = Release|Any CPU
		{60DC9F9D-5CCC-4D94-B7CE-07874E179910}.Debug|Any CPU.ActiveCfg = Debug|x86
		{60DC9F9D-5CCC-4D94-B7CE-07874E179910}.Debug|Mixed Platforms.ActiveCfg = Debug|x86
		{60DC9F9D-5CCC-4D94-B7CE-07874E179910}.Debug|Mixed Platforms.Build.0 = Debug|x86
		{60DC9F9D-5CCC-4D94-B7CE-07874E179910}.Debug|x86.ActiveCfg = Debug|x86
		{60DC9F9D-5CCC-4D94-B7CE-07874E179910}.Debug|x86.Build.0 = Debug|x86
		{60DC9F9D-5CCC-4D94-B7CE-07874E179910}.Release|Any CPU.ActiveCfg = Release|x86
		{60DC9F9D-5CCC-4D94-B7CE-07874E179910}.Release|Mixed Platforms.ActiveCfg = Release|x86
		{60DC9F9D-5CCC-4D94-B7CE-07874E179910}.Release|Mixed Platforms.Build.0 = Release|x86
		{60DC9F9D-5CCC-4D94-B7CE-07874E179910}.Release|x86.ActiveCfg = Release|x86
		{60DC9F9D-5CCC-4D94-B7CE-07874E179910}.Release|x86.Build.0 = Release|x86
		{418D9E61-CEDA-4E73-9602-D363504EEDB1}.Debug|Any CPU.ActiveCfg = Debug|x86
		{418D9E61-CEDA-4E73-9602-D363504EEDB1}.Debug|Mixed Platforms.ActiveCfg = Debug|x86
		{418D9E61-CEDA-4E73-9602-D363504EEDB1}.Debug|Mixed Platforms.Build.0 = Debug|x86
		{418D9E61-CEDA-4E73-9602-D363504EEDB1}.Debug|x86.ActiveCfg = Debug|x86
		{418D9E61-CEDA-4E73-9602-D363504EEDB1}.Debug|x86.Build.0 = Debug|x86
		{418D9E61-CEDA-4E73-9602-D363504EEDB1}.Release|Any CPU.ActiveCfg = Release|x86
		{418D9E61-CEDA-4E73-9602-D363504EEDB1}.Release|Mixed Platforms.ActiveCfg = Release|x86
		{418D9E61-CEDA-4E73-9602-D363504EEDB1}.Release|Mixed Platforms.Build.0 = Release|x86
		{418D9E61-CEDA-4E73-9602-D363504EEDB1}.Release|x86.ActiveCfg = Release|x86
		{418D9E61-CEDA-4E73-9602-D363504EEDB1}.Release|x86.Build.0 = Release|x86
		{4C3F907B-624D-4EFF-9050-172C66967645}.Debug|Any CPU.ActiveCfg = Debug|Any CPU
		{4C3F907B-624D-4EFF-9050-172C66967645}.Debug|Any CPU.Build.0 = Debug|Any CPU
		{4C3F907B-624D-4EFF-9050-172C66967645}.Debug|Mixed Platforms.ActiveCfg = Debug|Any CPU
		{4C3F907B-624D-4EFF-9050-172C66967645}.Debug|Mixed Platforms.Build.0 = Debug|Any CPU
		{4C3F907B-624D-4EFF-9050-172C66967645}.Debug|x86.ActiveCfg = Debug|Any CPU
		{4C3F907B-624D-4EFF-9050-172C66967645}.Release|Any CPU.ActiveCfg = Release|Any CPU
		{4C3F907B-624D-4EFF-9050-172C66967645}.Release|Any CPU.Build.0 = Release|Any CPU
		{4C3F907B-624D-4EFF-9050-172C66967645}.Release|Mixed Platforms.ActiveCfg = Release|Any CPU
		{4C3F907B-624D-4EFF-9050-172C66967645}.Release|Mixed Platforms.Build.0 = Release|Any CPU
		{4C3F907B-624D-4EFF-9050-172C66967645}.Release|x86.ActiveCfg = Release|Any CPU
		{A7E5D962-90B0-43AE-9FEF-0307A23E694A}.Debug|Any CPU.ActiveCfg = Debug|Any CPU
		{A7E5D962-90B0-43AE-9FEF-0307A23E694A}.Debug|Any CPU.Build.0 = Debug|Any CPU
		{A7E5D962-90B0-43AE-9FEF-0307A23E694A}.Debug|Mixed Platforms.ActiveCfg = Debug|Any CPU
		{A7E5D962-90B0-43AE-9FEF-0307A23E694A}.Debug|Mixed Platforms.Build.0 = Debug|Any CPU
		{A7E5D962-90B0-43AE-9FEF-0307A23E694A}.Debug|x86.ActiveCfg = Debug|Any CPU
		{A7E5D962-90B0-43AE-9FEF-0307A23E694A}.Release|Any CPU.ActiveCfg = Release|Any CPU
		{A7E5D962-90B0-43AE-9FEF-0307A23E694A}.Release|Any CPU.Build.0 = Release|Any CPU
		{A7E5D962-90B0-43AE-9FEF-0307A23E694A}.Release|Mixed Platforms.ActiveCfg = Release|Any CPU
		{A7E5D962-90B0-43AE-9FEF-0307A23E694A}.Release|Mixed Platforms.Build.0 = Release|Any CPU
		{A7E5D962-90B0-43AE-9FEF-0307A23E694A}.Release|x86.ActiveCfg = Release|Any CPU
	EndGlobalSection
	GlobalSection(SolutionProperties) = preSolution
		HideSolutionNode = FALSE
	EndGlobalSection
EndGlobal
